# generated by rye
# use `rye lock` or `rye sync` to update this lockfile
#
# last locked with the following flags:
#   pre: false
#   features: []
#   all-features: false
#   with-sources: false
#   generate-hashes: false
#   universal: false

-e file:.
anyio==4.6.2.post1
    # via httpx
black==24.10.0
    # via contrast-route-duplicates
certifi==2024.8.30
    # via httpcore
    # via httpx
click==8.1.7
    # via black
    # via typer
h11==0.14.0
    # via httpcore
httpcore==1.0.7
    # via httpx
httpx==0.27.2
    # via contrast-route-duplicates
idna==3.10
    # via anyio
    # via httpx
markdown-it-py==3.0.0
    # via rich
mdurl==0.1.2
    # via markdown-it-py
mypy-extensions==1.0.0
    # via black
packaging==24.2
    # via black
pathspec==0.12.1
    # via black
platformdirs==4.3.6
    # via black
pygments==2.18.0
    # via rich
python-dotenv==1.0.1
    # via contrast-route-duplicates
rich==13.9.4
    # via contrast-route-duplicates
    # via typer
shellingham==1.5.4
    # via typer
sniffio==1.3.1
    # via anyio
    # via httpx
tqdm==4.67.0
    # via contrast-route-duplicates
typer==0.13.1
    # via contrast-route-duplicates
typing-extensions==4.12.2
    # via typer
