version = 1
requires-python = ">=3.8"

[[package]]
name = "ocpiupdate"
version = "0.1.2"
source = { editable = "." }
dependencies = [
    { name = "tree-sitter" },
]

[package.metadata]
requires-dist = [{ name = "tree-sitter" }]

[[package]]
name = "tree-sitter"
version = "0.21.3"
source = { registry = "https://pypi.org/simple" }
sdist = { url = "https://files.pythonhosted.org/packages/39/9e/b7cb190aa08e4ea387f2b1531da03efb4b8b033426753c0b97e3698645f6/tree-sitter-0.21.3.tar.gz", hash = "sha256:b5de3028921522365aa864d95b3c41926e0ba6a85ee5bd000e10dc49b0766988", size = 155688 }
wheels = [
    { url = "https://files.pythonhosted.org/packages/60/b3/5507348eee41af3abf537607779c87de9141fc41af5aa547ff5c1a87fcf6/tree_sitter-0.21.3-cp310-cp310-macosx_10_9_x86_64.whl", hash = "sha256:351f302b6615230c9dac9829f0ba20a94362cd658206ca9a7b2d58d73373dfb0", size = 133430 },
    { url = "https://files.pythonhosted.org/packages/a5/24/05a76f662445ebdebd00e12bc4c9ebf974a559bb7f4863dc1def775add39/tree_sitter-0.21.3-cp310-cp310-macosx_11_0_arm64.whl", hash = "sha256:766e79ae1e61271e7fdfecf35b6401ad9b47fc07a0965ad78e7f97fddfdf47a6", size = 126087 },
    { url = "https://files.pythonhosted.org/packages/64/74/2c9dc1acb4c43b9c15765ab0fb4babb76e49e8198889dfc730bc1e906a82/tree_sitter-0.21.3-cp310-cp310-manylinux_2_17_aarch64.manylinux2014_aarch64.whl", hash = "sha256:2c4d3d4d4b44857e87de55302af7f2d051c912c466ef20e8f18158e64df3542a", size = 485385 },
    { url = "https://files.pythonhosted.org/packages/06/a3/9f65bcb73947bf4d16e816fa547e1edfe411a530ff3370c1ae10c5bc21d8/tree_sitter-0.21.3-cp310-cp310-manylinux_2_17_x86_64.manylinux2014_x86_64.whl", hash = "sha256:84eedb06615461b9e2847be7c47b9c5f2195d7d66d31b33c0a227eff4e0a0199", size = 496711 },
    { url = "https://files.pythonhosted.org/packages/88/68/c916a2669ff92f8e66d519d5df20d36e0eac0dd178a77169ae8c8a7c3e08/tree_sitter-0.21.3-cp310-cp310-musllinux_1_1_aarch64.whl", hash = "sha256:9d33ea425df8c3d6436926fe2991429d59c335431bf4e3c71e77c17eb508be5a", size = 481965 },
    { url = "https://files.pythonhosted.org/packages/42/6e/b8bf5f75fc6485a429e2b6f71aaed2666dba483b875fbd76a7b007f85073/tree_sitter-0.21.3-cp310-cp310-musllinux_1_1_x86_64.whl", hash = "sha256:fae1ee0ff6d85e2fd5cd8ceb9fe4af4012220ee1e4cbe813305a316caf7a6f63", size = 492782 },
    { url = "https://files.pythonhosted.org/packages/16/bf/c6ee8d9287846912f427e1d8f1f7266e612a1d6ba161517c793e83f620cf/tree_sitter-0.21.3-cp310-cp310-win_amd64.whl", hash = "sha256:bb41be86a987391f9970571aebe005ccd10222f39c25efd15826583c761a37e5", size = 109732 },
    { url = "https://files.pythonhosted.org/packages/63/b5/72657d5874d7f0a722c0288f04e5e2bc33d7715b13a858885b6593047dce/tree_sitter-0.21.3-cp311-cp311-macosx_10_9_x86_64.whl", hash = "sha256:54b22c3c2aab3e3639a4b255d9df8455da2921d050c4829b6a5663b057f10db5", size = 133429 },
    { url = "https://files.pythonhosted.org/packages/d3/64/c5d397efbb6d0dbed4254cd2ca389ed186a2e1e7e32661059f6eeaaf6424/tree_sitter-0.21.3-cp311-cp311-macosx_11_0_arm64.whl", hash = "sha256:ab6e88c1e2d5e84ff0f9e5cd83f21b8e5074ad292a2cf19df3ba31d94fbcecd4", size = 126088 },
    { url = "https://files.pythonhosted.org/packages/ba/88/941669acc140f94e6c6196d6d8676ac4cd57c3b3fbc1ee61bb11c1b2da71/tree_sitter-0.21.3-cp311-cp311-manylinux_2_17_aarch64.manylinux2014_aarch64.whl", hash = "sha256:fc3fd34ed4cd5db445bc448361b5da46a2a781c648328dc5879d768f16a46771", size = 487879 },
    { url = "https://files.pythonhosted.org/packages/29/4e/798154f2846d620bf9fa3bc244e056d4858f2108f834656bf9f1219d4f30/tree_sitter-0.21.3-cp311-cp311-manylinux_2_17_x86_64.manylinux2014_x86_64.whl", hash = "sha256:fabc7182f6083269ce3cfcad202fe01516aa80df64573b390af6cd853e8444a1", size = 498776 },
    { url = "https://files.pythonhosted.org/packages/6e/d1/05ea77487bc7a3946d0e80fb6c5cb61515953f5e7a4f6804b98e113ed4b0/tree_sitter-0.21.3-cp311-cp311-musllinux_1_1_aarch64.whl", hash = "sha256:4f874c3f7d2a2faf5c91982dc7d88ff2a8f183a21fe475c29bee3009773b0558", size = 483348 },
    { url = "https://files.pythonhosted.org/packages/42/fa/bf938e7c6afbc368d503deeda060891c3dba57e2d1166e4b884271f55616/tree_sitter-0.21.3-cp311-cp311-musllinux_1_1_x86_64.whl", hash = "sha256:ee61ee3b7a4eedf9d8f1635c68ba4a6fa8c46929601fc48a907c6cfef0cfbcb2", size = 493757 },
    { url = "https://files.pythonhosted.org/packages/1d/a7/98da36a6eab22f5729989c9e0137b1b04cbe368d1e024fccd72c0b00719b/tree_sitter-0.21.3-cp311-cp311-win_amd64.whl", hash = "sha256:0b7256c723642de1c05fbb776b27742204a2382e337af22f4d9e279d77df7aa2", size = 109735 },
    { url = "https://files.pythonhosted.org/packages/81/e1/cceb06eae617a6bf5eeeefa9813d9fd57d89b50f526ce02486a336bcd2a9/tree_sitter-0.21.3-cp312-cp312-macosx_10_9_x86_64.whl", hash = "sha256:669b3e5a52cb1e37d60c7b16cc2221c76520445bb4f12dd17fd7220217f5abf3", size = 133640 },
    { url = "https://files.pythonhosted.org/packages/f6/ce/ac14e5cbb0f30b7bd338122491ee2b8e6c0408cfe26741cbd66fa9b53d35/tree_sitter-0.21.3-cp312-cp312-macosx_11_0_arm64.whl", hash = "sha256:2aa2a5099a9f667730ff26d57533cc893d766667f4d8a9877e76a9e74f48f0d3", size = 125954 },
    { url = "https://files.pythonhosted.org/packages/c2/df/76dbf830126e566c48db0d1bf2bef3f9d8cac938302a9b0f762ded8206c2/tree_sitter-0.21.3-cp312-cp312-manylinux_2_17_aarch64.manylinux2014_aarch64.whl", hash = "sha256:6a3e06ae2a517cf6f1abb682974f76fa760298e6d5a3ecf2cf140c70f898adf0", size = 490092 },
    { url = "https://files.pythonhosted.org/packages/ec/87/0c3593552cb0d09ab6271d37fc0e6a9476919d2a975661d709d4b3289fc7/tree_sitter-0.21.3-cp312-cp312-manylinux_2_17_x86_64.manylinux2014_x86_64.whl", hash = "sha256:af992dfe08b4fefcfcdb40548d0d26d5d2e0a0f2d833487372f3728cd0772b48", size = 502155 },
    { url = "https://files.pythonhosted.org/packages/05/92/b2cb22cf52c18fcc95662897f380cf230c443dfc9196b872aad5948b7bb3/tree_sitter-0.21.3-cp312-cp312-musllinux_1_1_aarch64.whl", hash = "sha256:c7cbab1dd9765138505c4a55e2aa857575bac4f1f8a8b0457744a4fefa1288e6", size = 486020 },
    { url = "https://files.pythonhosted.org/packages/4a/ea/69b543538a46d763f3e787234d1617b718ab90f32ffa676ca856f1d9540e/tree_sitter-0.21.3-cp312-cp312-musllinux_1_1_x86_64.whl", hash = "sha256:e1e66aeb457d1529370fcb0997ae5584c6879e0e662f1b11b2f295ea57e22f54", size = 496348 },
    { url = "https://files.pythonhosted.org/packages/eb/4f/df4ea84476443021707b537217c32147ccccbc3e10c17b216a969991e1b3/tree_sitter-0.21.3-cp312-cp312-win_amd64.whl", hash = "sha256:013c750252dc3bd0e069d82e9658de35ed50eecf31c6586d0de7f942546824c5", size = 109771 },
    { url = "https://files.pythonhosted.org/packages/a9/08/3a2faaca576eca4ba9d25ff54f5e3c9fe7bdde7b748208dad7c033106f77/tree_sitter-0.21.3-cp38-cp38-macosx_10_9_x86_64.whl", hash = "sha256:4986a8cb4acebd168474ec2e5db440e59c7888819b3449a43ce8b17ed0331b07", size = 133680 },
    { url = "https://files.pythonhosted.org/packages/d4/9c/0465da56c8ca82a366d08f62be21df61f86116fd63dd70fb9bb94c67b21c/tree_sitter-0.21.3-cp38-cp38-macosx_11_0_arm64.whl", hash = "sha256:6e217fee2e7be7dbce4496caa3d1c466977d7e81277b677f954d3c90e3272ec2", size = 126286 },
    { url = "https://files.pythonhosted.org/packages/81/aa/28c6e2ee7506b6627ba5a35dcfa9042043a32d14cecb5bc7d8fa6f0a1441/tree_sitter-0.21.3-cp38-cp38-manylinux_2_17_aarch64.manylinux2014_aarch64.whl", hash = "sha256:f32a88afff4f2bc0f20632b0a2aa35fa9ae7d518f083409eca253518e0950929", size = 493104 },
    { url = "https://files.pythonhosted.org/packages/ec/19/5e964315acf83dc84ddf7d1abadda3d7950a743247cb331c6dea0664fd9f/tree_sitter-0.21.3-cp38-cp38-manylinux_2_17_x86_64.manylinux2014_x86_64.whl", hash = "sha256:f3652ac9e47cdddf213c5d5d6854194469097e62f7181c0a9aa8435449a163a9", size = 503895 },
    { url = "https://files.pythonhosted.org/packages/55/fe/bb1ef3feb6e11ff7feefe423fbb833ede7b42f20dd7742cfa7b163d6127a/tree_sitter-0.21.3-cp38-cp38-musllinux_1_1_aarch64.whl", hash = "sha256:60b4df3298ff467bc01e2c0f6c2fb43aca088038202304bf8e41edd9fa348f45", size = 490926 },
    { url = "https://files.pythonhosted.org/packages/b8/05/dffdba16b6d2295c24e51a812481fe27907213415b306f99b84c1b518506/tree_sitter-0.21.3-cp38-cp38-musllinux_1_1_x86_64.whl", hash = "sha256:00e4d0c99dff595398ef5e88a1b1ddd53adb13233fb677c1fd8e497fb2361629", size = 499248 },
    { url = "https://files.pythonhosted.org/packages/cf/67/8a83076e07e57f809bf308973aac5c21f8a2e5757ddd3429a14986a76405/tree_sitter-0.21.3-cp38-cp38-win_amd64.whl", hash = "sha256:50c91353a26946e4dd6779837ecaf8aa123aafa2d3209f261ab5280daf0962f5", size = 110055 },
    { url = "https://files.pythonhosted.org/packages/29/ea/2f848cf720dce4835388f30dca377bee9054461c51cdd0340c82e2d2fe32/tree_sitter-0.21.3-cp39-cp39-macosx_10_9_x86_64.whl", hash = "sha256:b17b8648b296ccc21a88d72ca054b809ee82d4b14483e419474e7216240ea278", size = 133664 },
    { url = "https://files.pythonhosted.org/packages/9e/33/db09a0b0f7ca96bbf53e2a5c024bc1f0a138babb2f4472b4954627778d79/tree_sitter-0.21.3-cp39-cp39-macosx_11_0_arm64.whl", hash = "sha256:f2f057fd01d3a95cbce6794c6e9f6db3d376cb3bb14e5b0528d77f0ec21d6478", size = 126419 },
    { url = "https://files.pythonhosted.org/packages/4f/22/e01759e2303dc9db719f9985d6e980ddd24ac2a9136d5d06ee7c7e13f25a/tree_sitter-0.21.3-cp39-cp39-manylinux_2_17_aarch64.manylinux2014_aarch64.whl", hash = "sha256:839759de30230ffd60687edbb119b31521d5ac016749358e5285816798bb804a", size = 487811 },
    { url = "https://files.pythonhosted.org/packages/0a/5d/afef7068b7eb3f5b50b4c0ae0fff43511f37263876dbb487158b22f89bfb/tree_sitter-0.21.3-cp39-cp39-manylinux_2_17_x86_64.manylinux2014_x86_64.whl", hash = "sha256:5df40aa29cb7e323898194246df7a03b9676955a0ac1f6bce06bc4903a70b5f7", size = 498473 },
    { url = "https://files.pythonhosted.org/packages/44/f1/18534c57d8e0bbaae6fe0d00d7e4ae3394b0be0b2b94b6aba370cdbd3be6/tree_sitter-0.21.3-cp39-cp39-musllinux_1_1_aarch64.whl", hash = "sha256:1d9be27dde007b569fa78ff9af5fe40d2532c998add9997a9729e348bb78fa59", size = 484418 },
    { url = "https://files.pythonhosted.org/packages/b0/57/f2b16d902e808ccf99740da2cf199043e12783692fe631e857259fbe279f/tree_sitter-0.21.3-cp39-cp39-musllinux_1_1_x86_64.whl", hash = "sha256:c4ac87735e6f98fe085244c7c020f0177d13d4c117db72ba041faa980d25d69d", size = 494421 },
    { url = "https://files.pythonhosted.org/packages/44/cc/ceef3adeeb998578eaf199632b64e34a6cb2f8186e3856c9796d4671a84e/tree_sitter-0.21.3-cp39-cp39-win_amd64.whl", hash = "sha256:fbbd137f7d9a5309fb4cb82e2c3250ba101b0dd08a8abdce815661e6cf2cbc19", size = 110032 },
]
