# generated by rye
# use `rye lock` or `rye sync` to update this lockfile
#
# last locked with the following flags:
#   pre: false
#   features: []
#   all-features: false
#   with-sources: false
#   generate-hashes: false
#   universal: false

-e file:.
annotated-types==0.7.0
    # via pydantic
asttokens==2.4.1
    # via icecream
    # via stack-data
babel==2.16.0
    # via mkdocs-material
backports-tarfile==1.2.0
    # via jaraco-context
black==24.10.0
certifi==2024.8.30
    # via requests
cffi==1.17.1
    # via cryptography
cfgv==3.4.0
    # via pre-commit
charset-normalizer==3.4.0
    # via requests
cirq-core==1.3.0
    # via flair-visual
click==8.1.7
    # via black
    # via mkdocs
    # via mkdocstrings
colorama==0.4.6
    # via griffe
    # via icecream
    # via mkdocs-material
comm==0.2.2
    # via ipykernel
contourpy==1.3.0
    # via matplotlib
coverage==7.6.4
cryptography==43.0.3
    # via secretstorage
cycler==0.12.1
    # via matplotlib
debugpy==1.8.7
    # via ipykernel
decorator==5.1.1
    # via ipython
distlib==0.3.9
    # via virtualenv
docutils==0.21.2
    # via readme-renderer
duet==0.2.9
    # via cirq-core
exceptiongroup==1.2.2
    # via ipython
    # via pytest
executing==2.1.0
    # via icecream
    # via stack-data
filelock==3.16.1
    # via virtualenv
fonttools==4.54.1
    # via matplotlib
ghp-import==2.1.0
    # via mkdocs
griffe==1.5.1
    # via mkdocstrings-python
icecream==2.1.3
identify==2.6.1
    # via pre-commit
idna==3.10
    # via requests
importlib-metadata==8.5.0
    # via jupyter-client
    # via keyring
    # via markdown
    # via mike
    # via mkdocs
    # via mkdocs-get-deps
    # via mkdocstrings
    # via twine
importlib-resources==6.4.5
    # via matplotlib
    # via mike
iniconfig==2.0.0
    # via pytest
ipykernel==6.29.5
ipython==8.18.1
    # via ipykernel
isort==5.13.2
jaraco-classes==3.4.0
    # via keyring
jaraco-context==6.0.1
    # via keyring
jaraco-functools==4.1.0
    # via keyring
jedi==0.19.1
    # via ipython
jeepney==0.8.0
    # via keyring
    # via secretstorage
jinja2==3.1.4
    # via mike
    # via mkdocs
    # via mkdocs-material
    # via mkdocstrings
jupyter-client==8.6.3
    # via ipykernel
jupyter-core==5.7.2
    # via ipykernel
    # via jupyter-client
keyring==25.5.0
    # via twine
kiwisolver==1.4.7
    # via matplotlib
markdown==3.7
    # via mkdocs
    # via mkdocs-autorefs
    # via mkdocs-material
    # via mkdocstrings
    # via pymdown-extensions
markdown-it-py==3.0.0
    # via rich
markupsafe==3.0.2
    # via jinja2
    # via mkdocs
    # via mkdocs-autorefs
    # via mkdocstrings
matplotlib==3.9.2
    # via cirq-core
matplotlib-inline==0.1.7
    # via ipykernel
    # via ipython
mdurl==0.1.2
    # via markdown-it-py
mergedeep==1.3.4
    # via mkdocs
    # via mkdocs-get-deps
mike==2.1.3
mkdocs==1.6.1
    # via mike
    # via mkdocs-autorefs
    # via mkdocs-gen-files
    # via mkdocs-literate-nav
    # via mkdocs-material
    # via mkdocstrings
mkdocs-autorefs==1.2.0
    # via mkdocstrings
    # via mkdocstrings-python
mkdocs-gen-files==0.5.0
mkdocs-get-deps==0.2.0
    # via mkdocs
mkdocs-literate-nav==0.6.1
mkdocs-material==9.5.43
mkdocs-material-extensions==1.3.1
    # via mkdocs-material
mkdocstrings==0.26.2
    # via mkdocstrings-python
mkdocstrings-python==1.12.2
    # via mkdocstrings
more-itertools==10.5.0
    # via jaraco-classes
    # via jaraco-functools
mpmath==1.3.0
    # via sympy
mypy-extensions==1.0.0
    # via black
nest-asyncio==1.6.0
    # via ipykernel
networkx==3.2.1
    # via cirq-core
nh3==0.2.18
    # via readme-renderer
nodeenv==1.9.1
    # via pre-commit
numpy==1.26.4
    # via cirq-core
    # via contourpy
    # via flair-visual
    # via matplotlib
    # via pandas
    # via scipy
packaging==24.1
    # via black
    # via ipykernel
    # via matplotlib
    # via mkdocs
    # via pytest
paginate==0.5.7
    # via mkdocs-material
pandas==2.2.3
    # via cirq-core
parso==0.8.4
    # via jedi
pathspec==0.12.1
    # via black
    # via mkdocs
pexpect==4.9.0
    # via ipython
pillow==11.0.0
    # via matplotlib
pkginfo==1.10.0
    # via twine
platformdirs==4.3.6
    # via black
    # via jupyter-core
    # via mkdocs-get-deps
    # via mkdocstrings
    # via virtualenv
pluggy==1.5.0
    # via pytest
pre-commit==4.0.1
prompt-toolkit==3.0.48
    # via ipython
psutil==6.1.0
    # via ipykernel
ptyprocess==0.7.0
    # via pexpect
pure-eval==0.2.3
    # via stack-data
pycparser==2.22
    # via cffi
pydantic==2.9.2
    # via flair-visual
pydantic-core==2.23.4
    # via pydantic
pygments==2.18.0
    # via icecream
    # via ipython
    # via mkdocs-material
    # via readme-renderer
    # via rich
pyinstrument==5.0.0
pymdown-extensions==10.12
    # via mkdocs-material
    # via mkdocstrings
pyparsing==3.2.0
    # via matplotlib
    # via mike
pytest==8.3.3
python-dateutil==2.9.0.post0
    # via ghp-import
    # via jupyter-client
    # via matplotlib
    # via pandas
pytz==2024.2
    # via pandas
pyyaml==6.0.2
    # via mike
    # via mkdocs
    # via mkdocs-get-deps
    # via pre-commit
    # via pymdown-extensions
    # via pyyaml-env-tag
pyyaml-env-tag==0.1
    # via mike
    # via mkdocs
pyzmq==26.2.0
    # via ipykernel
    # via jupyter-client
readme-renderer==44.0
    # via twine
regex==2024.9.11
    # via mkdocs-material
requests==2.32.3
    # via mkdocs-material
    # via requests-toolbelt
    # via twine
requests-toolbelt==1.0.0
    # via twine
rfc3986==2.0.0
    # via twine
rich==13.9.4
    # via twine
ruff==0.7.2
scipy==1.13.1
    # via cirq-core
    # via flair-visual
secretstorage==3.3.3
    # via keyring
six==1.16.0
    # via asttokens
    # via python-dateutil
sortedcontainers==2.4.0
    # via cirq-core
stack-data==0.6.3
    # via ipython
sympy==1.13.3
    # via cirq-core
tomli==2.0.2
    # via black
    # via pytest
tornado==6.4.1
    # via ipykernel
    # via jupyter-client
tqdm==4.66.6
    # via cirq-core
traitlets==5.14.3
    # via comm
    # via ipykernel
    # via ipython
    # via jupyter-client
    # via jupyter-core
    # via matplotlib-inline
twine==5.1.1
typing-extensions==4.12.2
    # via black
    # via cirq-core
    # via ipython
    # via mkdocstrings
    # via pydantic
    # via pydantic-core
    # via rich
tzdata==2024.2
    # via pandas
urllib3==2.2.3
    # via requests
    # via twine
verspec==0.1.0
    # via mike
virtualenv==20.27.1
    # via pre-commit
watchdog==6.0.0
    # via mkdocs
wcwidth==0.2.13
    # via prompt-toolkit
zipp==3.20.2
    # via importlib-metadata
    # via importlib-resources
