# generated by rye
# use `rye lock` or `rye sync` to update this lockfile
#
# last locked with the following flags:
#   pre: false
#   features: []
#   all-features: false
#   with-sources: false
#   generate-hashes: false
#   universal: false

-e file:.
annotated-types==0.7.0
    # via pydantic
cirq-core==1.3.0
    # via flair-visual
contourpy==1.3.0
    # via matplotlib
cycler==0.12.1
    # via matplotlib
duet==0.2.9
    # via cirq-core
fonttools==4.54.1
    # via matplotlib
importlib-resources==6.4.5
    # via matplotlib
kiwisolver==1.4.7
    # via matplotlib
matplotlib==3.9.2
    # via cirq-core
mpmath==1.3.0
    # via sympy
networkx==3.2.1
    # via cirq-core
numpy==1.26.4
    # via cirq-core
    # via contourpy
    # via flair-visual
    # via matplotlib
    # via pandas
    # via scipy
packaging==24.1
    # via matplotlib
pandas==2.2.3
    # via cirq-core
pillow==11.0.0
    # via matplotlib
pydantic==2.9.2
    # via flair-visual
pydantic-core==2.23.4
    # via pydantic
pyparsing==3.2.0
    # via matplotlib
python-dateutil==2.9.0.post0
    # via matplotlib
    # via pandas
pytz==2024.2
    # via pandas
scipy==1.13.1
    # via cirq-core
    # via flair-visual
six==1.16.0
    # via python-dateutil
sortedcontainers==2.4.0
    # via cirq-core
sympy==1.13.3
    # via cirq-core
tqdm==4.66.6
    # via cirq-core
typing-extensions==4.12.2
    # via cirq-core
    # via pydantic
    # via pydantic-core
tzdata==2024.2
    # via pandas
zipp==3.20.2
    # via importlib-resources
